
Microsoft Visual Studio Solution File, Format Version 12.00
# Visual Studio Version 16
VisualStudioVersion = 16.0.31424.327
MinimumVisualStudioVersion = 10.0.40219.1
Project("{FAE04EC0-301F-11D3-BF4B-00C04F79EFBC}") = "Homework5 (Sales)", "Homework5 (Sales)\Homework5 (Sales).csproj", "{9FB025AD-5235-445B-AA1F-D048B134E493}"
EndProject
Project("{FAE04EC0-301F-11D3-BF4B-00C04F79EFBC}") = "SalesApp", "SalesApp\SalesApp.csproj", "{F23D2116-400A-48B4-BC7E-B2CF16489E26}"
EndProject
Global
	GlobalSection(SolutionConfigurationPlatforms) = preSolution
		Debug|Any CPU = Debug|Any CPU
		Release|Any CPU = Release|Any CPU
	EndGlobalSection
	GlobalSection(ProjectConfigurationPlatforms) = postSolution
		{9FB025AD-5235-445B-AA1F-D048B134E493}.Debug|Any CPU.ActiveCfg = Debug|Any CPU
		{9FB025AD-5235-445B-AA1F-D048B134E493}.Debug|Any CPU.Build.0 = Debug|Any CPU
		{9FB025AD-5235-445B-AA1F-D048B134E493}.Release|Any CPU.ActiveCfg = Release|Any CPU
		{9FB025AD-5235-445B-AA1F-D048B134E493}.Release|Any CPU.Build.0 = Release|Any CPU
		{F23D2116-400A-48B4-BC7E-B2CF16489E26}.Debug|Any CPU.ActiveCfg = Debug|Any CPU
		{F23D2116-400A-48B4-BC7E-B2CF16489E26}.Debug|Any CPU.Build.0 = Debug|Any CPU
		{F23D2116-400A-48B4-BC7E-B2CF16489E26}.Release|Any CPU.ActiveCfg = Release|Any CPU
		{F23D2116-400A-48B4-BC7E-B2CF16489E26}.Release|Any CPU.Build.0 = Release|Any CPU
	EndGlobalSection
	GlobalSection(SolutionProperties) = preSolution
		HideSolutionNode = FALSE
	EndGlobalSection
	GlobalSection(ExtensibilityGlobals) = postSolution
		SolutionGuid = {6660ABE4-58EC-40AA-874D-F67EE69125D1}
	EndGlobalSection
EndGlobal
